{
  "version": 1,
  "dependencies": {
    "net10.0": {
      "Asp.Versioning.Mvc.ApiExplorer": {
        "type": "Direct",
        "requested": "[8.1.1, )",
        "resolved": "8.1.1",
        "contentHash": "u8PrP6CjmurgIh0EDfg8Gc/GdpDHgkbv8OLKdxQcWb5W4sp0i9BcdbQlLvRcATjNIJUyr7ZmqXjmdsFfqnuy0g==",
        "dependencies": {
          "Asp.Versioning.Mvc": "8.1.1"
        }
      },
      "Google.Protobuf": {
        "type": "Direct",
        "requested": "[3.34.1, )",
        "resolved": "3.34.1",
        "contentHash": "212vdYxRuVopGE5bess6Jg5oXWyizA6hcLPTI7G+qA4PthQEvfeof3njT+7VSY5v/+O0P22xTydiP5fSJJpGEA=="
      },
      "Grpc.AspNetCore": {
        "type": "Direct",
        "requested": "[2.76.0, )",
        "resolved": "2.76.0",
        "contentHash": "LyXMmpN2Ba0TE35SOLSKbGqIYtJuhc1UgiaGfoW1X8KJERV70QI5KGW+ckEY7MrXoFWN/uWo4B70siVhbDmCgQ==",
        "dependencies": {
          "Google.Protobuf": "3.31.1",
          "Grpc.AspNetCore.Server.ClientFactory": "2.76.0",
          "Grpc.Tools": "2.76.0"
        }
      },
      "Grpc.Tools": {
        "type": "Direct",
        "requested": "[2.80.0, )",
        "resolved": "2.80.0",
        "contentHash": "NS1AxwVZnrdbBoMf5L5ruGjBjoLBej9avhqxWNsgfu2GU6FhpxEVJOwLJsdljlDCjvquJiAH2zf/WodIWMvf2w=="
      },
      "Microsoft.VisualStudio.Azure.Containers.Tools.Targets": {
        "type": "Direct",
        "requested": "[1.23.0, )",
        "resolved": "1.23.0",
        "contentHash": "2wDnb4umupJZ/1ikgWozFVpggH1mlHQFc0odXVv2ZagL3RYwXgW9zmC15fiqIBzmaC0vLZUnLGwDY+p8ZR7Syw=="
      },
      "Swashbuckle.AspNetCore": {
        "type": "Direct",
        "requested": "[10.1.7, )",
        "resolved": "10.1.7",
        "contentHash": "vgef8DPT411JU5JjHiDbr0WOxsIVuAvegPGtqmm4Na4JRl/264dfBJcGkiPHsAr5P+Vda+qN1rZKRtBl1rF9aA==",
        "dependencies": {
          "Microsoft.Extensions.ApiDescription.Server": "10.0.0",
          "Swashbuckle.AspNetCore.Swagger": "10.1.7",
          "Swashbuckle.AspNetCore.SwaggerGen": "10.1.7",
          "Swashbuckle.AspNetCore.SwaggerUI": "10.1.7"
        }
      },
      "Asp.Versioning.Abstractions": {
        "type": "Transitive",
        "resolved": "8.1.0",
        "contentHash": "mpeNZyMdvrHztJwR1sXIUQ+3iioEU97YMBnFA9WLbsPOYhGwDJnqJMmEd8ny7kcmS9OjTHoEuX/bSXXY3brIFA=="
      },
      "Asp.Versioning.Http": {
        "type": "Transitive",
        "resolved": "8.1.1",
        "contentHash": "1D/Mzq1MSUSQe1eCY6GeEsu+tIlpzoWZxZkhlcw/uvtVoTrwO+BMl0fSj/XX8oZN1DutWTZqHDHgyDRq+IeSdQ==",
        "dependencies": {
          "Asp.Versioning.Abstractions": "8.1.0"
        }
      },
      "Asp.Versioning.Mvc": {
        "type": "Transitive",
        "resolved": "8.1.1",
        "contentHash": "mkJv6eAdlbHbqTdrUcfEYFoZuGL6HoR7O+Lfsvivixp7N5BNhfCFPPOwsBzdIiH1qzdJXyJf+C+DZ08j27PMPg==",
        "dependencies": {
          "Asp.Versioning.Http": "8.1.1"
        }
      },
      "Grpc.AspNetCore.Server": {
        "type": "Transitive",
        "resolved": "2.76.0",
        "contentHash": "diSC/ZeNdSdxHdYSOpYwuSBBDYpuNVtJQFJfiBB0WrYOQ4lVMmdxuUZJcViahQyo8pCvS3Mueo5lqFxwwMF/iw==",
        "dependencies": {
          "Grpc.Net.Common": "2.76.0"
        }
      },
      "Grpc.AspNetCore.Server.ClientFactory": {
        "type": "Transitive",
        "resolved": "2.76.0",
        "contentHash": "y5KGO1GO0N2L/hCCMR05mmoK8j+v8rKvZ+9nothAxKx2Tf2CwV8f4TM5K0GkKfDsp4vrc4lm90MU6E+DeN7YIw==",
        "dependencies": {
          "Grpc.AspNetCore.Server": "2.76.0",
          "Grpc.Net.ClientFactory": "2.76.0"
        }
      },
      "Grpc.Core.Api": {
        "type": "Transitive",
        "resolved": "2.76.0",
        "contentHash": "cSxC2tdnFdXXuBgIn1pjc4YBx7LXTCp4M0qn+SMBS35VWZY+cEQYLWTBDDhdBH1HzU7BV+ncVZlniGQHMpRJKQ=="
      },
      "Grpc.Net.Client": {
        "type": "Transitive",
        "resolved": "2.76.0",
        "contentHash": "K1oldmqw2+Gn69nGRzZLhqSiUZwelX1GrBu/cUl9wNf1C0uB61vFS6JcxUUv9P8VoUJhFsmV44JA6lI2EUt4xw==",
        "dependencies": {
          "Grpc.Net.Common": "2.76.0"
        }
      },
      "Grpc.Net.ClientFactory": {
        "type": "Transitive",
        "resolved": "2.76.0",
        "contentHash": "XI+kO69L9AV8B9N0UQOmH911r6MOEp9huHiavEsY56DJYuzJ9KAxNGy37dpV6CLbgCaN2uKmpOsZ9Pao6bmpVQ==",
        "dependencies": {
          "Grpc.Net.Client": "2.76.0"
        }
      },
      "Grpc.Net.Common": {
        "type": "Transitive",
        "resolved": "2.76.0",
        "contentHash": "bZpiMVYgvpB44/wBh1RotrkqC7bg2FOasLri2GhR3hMKyzsiTxCoDE49YjPrJeFc4RW0wS8u+EInI09sjxVFRA==",
        "dependencies": {
          "Grpc.Core.Api": "2.76.0"
        }
      },
      "Microsoft.Extensions.ApiDescription.Server": {
        "type": "Transitive",
        "resolved": "10.0.0",
        "contentHash": "NCWCGiwRwje8773yzPQhvucYnnfeR+ZoB1VRIrIMp4uaeUNw7jvEPHij3HIbwCDuNCrNcphA00KSAR9yD9qmbg=="
      },
      "Microsoft.OpenApi": {
        "type": "Transitive",
        "resolved": "2.4.1",
        "contentHash": "u7QhXCISMQuab3flasb1hoaiERmUqyWsW7tmQODyILoQ7mJV5IRGM+2KKZYo0QUfC13evEOcHAb6TPWgqEQtrw=="
      },
      "Swashbuckle.AspNetCore.Swagger": {
        "type": "Transitive",
        "resolved": "10.1.7",
        "contentHash": "EjLibt/d/QuRv170GoihTbcPUpgzSFm2WKHhnGJFZQ03JYzfuitsM79azaAR8NBwRunU7yScSX6HRE5JUlrEMQ==",
        "dependencies": {
          "Microsoft.OpenApi": "2.4.1"
        }
      },
      "Swashbuckle.AspNetCore.SwaggerGen": {
        "type": "Transitive",
        "resolved": "10.1.7",
        "contentHash": "PuubO9BjvNn6U3D9kLpuWKY1JtziWw7SsGBq0age1E50uQjQ8Fzl8s0EwzrLfANqYJNgDnJi9l7N1QxcGVB2Zw==",
        "dependencies": {
          "Swashbuckle.AspNetCore.Swagger": "10.1.7"
        }
      },
      "Swashbuckle.AspNetCore.SwaggerUI": {
        "type": "Transitive",
        "resolved": "10.1.7",
        "contentHash": "iJo3ODyUb/M8Vm8AH1r9y9iAba0w95xsCn3zFVl96ISRHbTDWxi+l7oFVCZqUEdjd97B8VMDPnMliWAdomR8uw=="
      },
      "smstestapp.contracts": {
        "type": "Project"
      }
    }
  }
}